
Microsoft Visual Studio Solution File, Format Version 12.00
# Visual Studio Version 17
VisualStudioVersion = 17.10.35027.167
MinimumVisualStudioVersion = 10.0.40219.1
Project("{2150E333-8FDC-42A3-9474-1A3956D46DE8}") = "src", "src", "{FCC61D86-4DC0-4FE4-9F6D-35081449F1FE}"
EndProject
Project("{2150E333-8FDC-42A3-9474-1A3956D46DE8}") = "BackEnd", "BackEnd", "{23F9FC2E-B335-4755-9483-68822941E43B}"
EndProject
Project("{2150E333-8FDC-42A3-9474-1A3956D46DE8}") = "FrontEnd", "FrontEnd", "{CC61C1B9-88D9-4EBB-8221-6F7A60AEDA08}"
EndProject
Project("{2150E333-8FDC-42A3-9474-1A3956D46DE8}") = "Common", "Common", "{6BB152FD-32CB-4FD2-9410-C9D7759BD228}"
EndProject
Project("{2150E333-8FDC-42A3-9474-1A3956D46DE8}") = "Infraestructure", "Infraestructure", "{C67F31EF-632B-4353-8BB6-30A521D25CA5}"
EndProject
Project("{2150E333-8FDC-42A3-9474-1A3956D46DE8}") = "Modules", "Modules", "{7A812C30-3BF5-4AB3-B93A-54028E11F84B}"
EndProject
Project("{9A19103F-16F7-4668-BE54-9A1E7A4F7556}") = "BoletosBus_CleanModularApp.Common.Data", "BoletosBus_CleanModularApp.Common.Data\BoletosBus_CleanModularApp.Common.Data.csproj", "{CC210B9F-DE64-47D4-8FC8-2C016C82726A}"
EndProject
Project("{9A19103F-16F7-4668-BE54-9A1E7A4F7556}") = "BoletosBus_CleanModularApp.Infraestructure", "BoletosBus_CleanModularApp.Infraestructure\BoletosBus_CleanModularApp.Infraestructure.csproj", "{DDA21BD6-5680-421B-9035-DED883B5CC94}"
EndProject
Project("{2150E333-8FDC-42A3-9474-1A3956D46DE8}") = "Asiento Management", "Asiento Management", "{6CF9A047-4D8D-4058-9E5C-FBE5149C3855}"
EndProject
Project("{2150E333-8FDC-42A3-9474-1A3956D46DE8}") = "Bus Management", "Bus Management", "{F624A00B-A783-4C8D-8265-40FEEA81BC87}"
EndProject
Project("{2150E333-8FDC-42A3-9474-1A3956D46DE8}") = "Cliente Management", "Cliente Management", "{B480737A-B693-491A-B53B-C1615067C563}"
EndProject
Project("{2150E333-8FDC-42A3-9474-1A3956D46DE8}") = "Api", "Api", "{E5E85A2C-686D-4759-99F8-AFAF5BBB5659}"
EndProject
Project("{2150E333-8FDC-42A3-9474-1A3956D46DE8}") = "Application", "Application", "{4C2A541B-3DA1-4C72-B3DE-CD818E048DCF}"
EndProject
Project("{2150E333-8FDC-42A3-9474-1A3956D46DE8}") = "Domain", "Domain", "{CB00C4ED-DD26-4B8D-96E4-A7680039603E}"
EndProject
Project("{2150E333-8FDC-42A3-9474-1A3956D46DE8}") = "Domain", "Domain", "{F2822AC8-C53D-480B-83E4-373EB277F611}"
EndProject
Project("{2150E333-8FDC-42A3-9474-1A3956D46DE8}") = "IOC", "IOC", "{92291CD6-9A4D-4B73-8416-78F56A44E42F}"
EndProject
Project("{2150E333-8FDC-42A3-9474-1A3956D46DE8}") = "Persistence", "Persistence", "{1A7B7E7C-D926-481A-8FE8-F5247E84612C}"
EndProject
Project("{2150E333-8FDC-42A3-9474-1A3956D46DE8}") = "Api", "Api", "{F97E661F-DD9B-402D-A9F9-6917A6D2CB30}"
EndProject
Project("{2150E333-8FDC-42A3-9474-1A3956D46DE8}") = "Application", "Application", "{9CD803F2-EDC9-4BEE-9E62-61939697EBD2}"
EndProject
Project("{2150E333-8FDC-42A3-9474-1A3956D46DE8}") = "IOC", "IOC", "{C0939EEF-8863-4094-A26B-EF9F1686ECBC}"
EndProject
Project("{2150E333-8FDC-42A3-9474-1A3956D46DE8}") = "Persistence", "Persistence", "{50289A85-865D-4F1E-999A-793D3C0B1C75}"
EndProject
Project("{2150E333-8FDC-42A3-9474-1A3956D46DE8}") = "Api", "Api", "{23A12777-FBF9-4491-B0A5-CDF41AD8DCD9}"
EndProject
Project("{2150E333-8FDC-42A3-9474-1A3956D46DE8}") = "Application", "Application", "{0B75888B-9B5B-467F-97E8-510CB3015368}"
EndProject
Project("{2150E333-8FDC-42A3-9474-1A3956D46DE8}") = "Domain", "Domain", "{435929FF-CEAB-4D2B-B4EC-3426C549C44E}"
EndProject
Project("{2150E333-8FDC-42A3-9474-1A3956D46DE8}") = "IOC", "IOC", "{328AEE01-E8AC-4F8D-946B-F7B10E6BFACE}"
EndProject
Project("{2150E333-8FDC-42A3-9474-1A3956D46DE8}") = "Persistence", "Persistence", "{6EAF1899-A8C0-46F9-ADC9-7DA5628522DF}"
EndProject
Project("{9A19103F-16F7-4668-BE54-9A1E7A4F7556}") = "BoletosBus_CleanModularApp.Asiento.Api", "BoletosBus_CleanModularApp.Asiento.Api\BoletosBus_CleanModularApp.Asiento.Api.csproj", "{4CA9E3CA-C2A2-47C2-B71A-7F9F674E025B}"
EndProject
Project("{9A19103F-16F7-4668-BE54-9A1E7A4F7556}") = "BoletosBus_CleanModularApp.Asiento.Application", "BoletosBus_CleanModularApp.Asiento.Application\BoletosBus_CleanModularApp.Asiento.Application.csproj", "{862CEFFF-8E87-4C24-A23A-CE1CB74E7B8F}"
EndProject
Project("{9A19103F-16F7-4668-BE54-9A1E7A4F7556}") = "BoletosBus_CleanModularApp.Asiento.Domain", "BoletosBus_CleanModularApp.Asiento.Domain\BoletosBus_CleanModularApp.Asiento.Domain.csproj", "{D9789535-91B3-451D-8D08-5E146EF13AC4}"
EndProject
Project("{9A19103F-16F7-4668-BE54-9A1E7A4F7556}") = "BoletosBus_CleanModularApp.Asiento.IOC", "BoletosBus_CleanModularApp.Asiento.IOC\BoletosBus_CleanModularApp.Asiento.IOC.csproj", "{16E68350-6330-4BF4-B509-8AC8EB6323BA}"
EndProject
Project("{9A19103F-16F7-4668-BE54-9A1E7A4F7556}") = "BoletosBus_CleanModularApp.Asiento.Persistence", "BoletosBus_CleanModularApp.Asiento.Persistence\BoletosBus_CleanModularApp.Asiento.Persistence.csproj", "{D3B7994F-628F-4CD6-B952-1D436EEF0C44}"
EndProject
Project("{9A19103F-16F7-4668-BE54-9A1E7A4F7556}") = "BoletosBus_CleanModularApp.Bus.Api", "BoletosBus_CleanModularApp.Bus.Api\BoletosBus_CleanModularApp.Bus.Api.csproj", "{6FECD739-B339-446C-8C46-0C1016248EF8}"
EndProject
Project("{9A19103F-16F7-4668-BE54-9A1E7A4F7556}") = "BoletosBus_CleanModularApp.Bus.Application", "BoletosBus_CleanModularApp.Bus.Application\BoletosBus_CleanModularApp.Bus.Application.csproj", "{FF6B4B22-07A3-46F0-8594-29AF00346647}"
EndProject
Project("{9A19103F-16F7-4668-BE54-9A1E7A4F7556}") = "BoletosBus_CleanModularApp.Bus.Domain", "BoletosBus_CleanModularApp.Bus.Domain\BoletosBus_CleanModularApp.Bus.Domain.csproj", "{A0C1C7F9-C3D1-435C-9772-611A23713516}"
EndProject
Project("{9A19103F-16F7-4668-BE54-9A1E7A4F7556}") = "BoletosBus_CleanModularApp.Bus.IOC", "BoletosBus_CleanModularApp.Bus.IOC\BoletosBus_CleanModularApp.Bus.IOC.csproj", "{3F1D28A1-08AF-4272-81E1-34C02C78E41B}"
EndProject
Project("{9A19103F-16F7-4668-BE54-9A1E7A4F7556}") = "BoletosBus_CleanModularApp.Bus.Persistence", "BoletosBus_CleanModularApp.Bus.Persistence\BoletosBus_CleanModularApp.Bus.Persistence.csproj", "{F1A50358-1A3E-400B-B44D-BC1233C8A600}"
EndProject
Project("{9A19103F-16F7-4668-BE54-9A1E7A4F7556}") = "BoletosBus_CleanModularApp.Cliente.Api", "BoletosBus_CleanModularApp.Cliente.Api\BoletosBus_CleanModularApp.Cliente.Api.csproj", "{32FCC83C-9B4F-49E9-940E-6C2FBA633B85}"
EndProject
Project("{9A19103F-16F7-4668-BE54-9A1E7A4F7556}") = "BoletosBus_CleanModularApp.Cliente.Application", "BoletosBus_CleanModularApp.Cliente.Application\BoletosBus_CleanModularApp.Cliente.Application.csproj", "{EEBFF9FC-0994-462D-8E4B-CE5873C856D0}"
EndProject
Project("{9A19103F-16F7-4668-BE54-9A1E7A4F7556}") = "BoletosBus_CleanModularApp.Cliente.Domain", "BoletosBus_CleanModularApp.Cliente.Domain\BoletosBus_CleanModularApp.Cliente.Domain.csproj", "{ACAC93E7-5C9B-47E6-824A-8D1CFFA58D9A}"
EndProject
Project("{9A19103F-16F7-4668-BE54-9A1E7A4F7556}") = "BoletosBus_CleanModularApp.Cliente.IOC", "BoletosBus_CleanModularApp.Cliente.IOC\BoletosBus_CleanModularApp.Cliente.IOC.csproj", "{8B2AA9B1-B748-48F5-ADD1-442E74C63A88}"
EndProject
Project("{9A19103F-16F7-4668-BE54-9A1E7A4F7556}") = "BoletosBus_CleanModularApp.Cliente.Persistence", "BoletosBus_CleanModularApp.Cliente.Persistence\BoletosBus_CleanModularApp.Cliente.Persistence.csproj", "{395E51A3-A81E-4930-9987-6409685D61AA}"
EndProject
Project("{FAE04EC0-301F-11D3-BF4B-00C04F79EFBC}") = "BoletosBus_CleanModularApp.Web", "BoletosBus_CleanModularApp.Web\BoletosBus_CleanModularApp.Web.csproj", "{8C5690E2-74D5-4C12-A4B0-E21AECA5F742}"
EndProject
Global
	GlobalSection(SolutionConfigurationPlatforms) = preSolution
		Debug|Any CPU = Debug|Any CPU
		Release|Any CPU = Release|Any CPU
	EndGlobalSection
	GlobalSection(ProjectConfigurationPlatforms) = postSolution
		{CC210B9F-DE64-47D4-8FC8-2C016C82726A}.Debug|Any CPU.ActiveCfg = Debug|Any CPU
		{CC210B9F-DE64-47D4-8FC8-2C016C82726A}.Debug|Any CPU.Build.0 = Debug|Any CPU
		{CC210B9F-DE64-47D4-8FC8-2C016C82726A}.Release|Any CPU.ActiveCfg = Release|Any CPU
		{CC210B9F-DE64-47D4-8FC8-2C016C82726A}.Release|Any CPU.Build.0 = Release|Any CPU
		{DDA21BD6-5680-421B-9035-DED883B5CC94}.Debug|Any CPU.ActiveCfg = Debug|Any CPU
		{DDA21BD6-5680-421B-9035-DED883B5CC94}.Debug|Any CPU.Build.0 = Debug|Any CPU
		{DDA21BD6-5680-421B-9035-DED883B5CC94}.Release|Any CPU.ActiveCfg = Release|Any CPU
		{DDA21BD6-5680-421B-9035-DED883B5CC94}.Release|Any CPU.Build.0 = Release|Any CPU
		{4CA9E3CA-C2A2-47C2-B71A-7F9F674E025B}.Debug|Any CPU.ActiveCfg = Debug|Any CPU
		{4CA9E3CA-C2A2-47C2-B71A-7F9F674E025B}.Debug|Any CPU.Build.0 = Debug|Any CPU
		{4CA9E3CA-C2A2-47C2-B71A-7F9F674E025B}.Release|Any CPU.ActiveCfg = Release|Any CPU
		{4CA9E3CA-C2A2-47C2-B71A-7F9F674E025B}.Release|Any CPU.Build.0 = Release|Any CPU
		{862CEFFF-8E87-4C24-A23A-CE1CB74E7B8F}.Debug|Any CPU.ActiveCfg = Debug|Any CPU
		{862CEFFF-8E87-4C24-A23A-CE1CB74E7B8F}.Debug|Any CPU.Build.0 = Debug|Any CPU
		{862CEFFF-8E87-4C24-A23A-CE1CB74E7B8F}.Release|Any CPU.ActiveCfg = Release|Any CPU
		{862CEFFF-8E87-4C24-A23A-CE1CB74E7B8F}.Release|Any CPU.Build.0 = Release|Any CPU
		{D9789535-91B3-451D-8D08-5E146EF13AC4}.Debug|Any CPU.ActiveCfg = Debug|Any CPU
		{D9789535-91B3-451D-8D08-5E146EF13AC4}.Debug|Any CPU.Build.0 = Debug|Any CPU
		{D9789535-91B3-451D-8D08-5E146EF13AC4}.Release|Any CPU.ActiveCfg = Release|Any CPU
		{D9789535-91B3-451D-8D08-5E146EF13AC4}.Release|Any CPU.Build.0 = Release|Any CPU
		{16E68350-6330-4BF4-B509-8AC8EB6323BA}.Debug|Any CPU.ActiveCfg = Debug|Any CPU
		{16E68350-6330-4BF4-B509-8AC8EB6323BA}.Debug|Any CPU.Build.0 = Debug|Any CPU
		{16E68350-6330-4BF4-B509-8AC8EB6323BA}.Release|Any CPU.ActiveCfg = Release|Any CPU
		{16E68350-6330-4BF4-B509-8AC8EB6323BA}.Release|Any CPU.Build.0 = Release|Any CPU
		{D3B7994F-628F-4CD6-B952-1D436EEF0C44}.Debug|Any CPU.ActiveCfg = Debug|Any CPU
		{D3B7994F-628F-4CD6-B952-1D436EEF0C44}.Debug|Any CPU.Build.0 = Debug|Any CPU
		{D3B7994F-628F-4CD6-B952-1D436EEF0C44}.Release|Any CPU.ActiveCfg = Release|Any CPU
		{D3B7994F-628F-4CD6-B952-1D436EEF0C44}.Release|Any CPU.Build.0 = Release|Any CPU
		{6FECD739-B339-446C-8C46-0C1016248EF8}.Debug|Any CPU.ActiveCfg = Debug|Any CPU
		{6FECD739-B339-446C-8C46-0C1016248EF8}.Debug|Any CPU.Build.0 = Debug|Any CPU
		{6FECD739-B339-446C-8C46-0C1016248EF8}.Release|Any CPU.ActiveCfg = Release|Any CPU
		{6FECD739-B339-446C-8C46-0C1016248EF8}.Release|Any CPU.Build.0 = Release|Any CPU
		{FF6B4B22-07A3-46F0-8594-29AF00346647}.Debug|Any CPU.ActiveCfg = Debug|Any CPU
		{FF6B4B22-07A3-46F0-8594-29AF00346647}.Debug|Any CPU.Build.0 = Debug|Any CPU
		{FF6B4B22-07A3-46F0-8594-29AF00346647}.Release|Any CPU.ActiveCfg = Release|Any CPU
		{FF6B4B22-07A3-46F0-8594-29AF00346647}.Release|Any CPU.Build.0 = Release|Any CPU
		{A0C1C7F9-C3D1-435C-9772-611A23713516}.Debug|Any CPU.ActiveCfg = Debug|Any CPU
		{A0C1C7F9-C3D1-435C-9772-611A23713516}.Debug|Any CPU.Build.0 = Debug|Any CPU
		{A0C1C7F9-C3D1-435C-9772-611A23713516}.Release|Any CPU.ActiveCfg = Release|Any CPU
		{A0C1C7F9-C3D1-435C-9772-611A23713516}.Release|Any CPU.Build.0 = Release|Any CPU
		{3F1D28A1-08AF-4272-81E1-34C02C78E41B}.Debug|Any CPU.ActiveCfg = Debug|Any CPU
		{3F1D28A1-08AF-4272-81E1-34C02C78E41B}.Debug|Any CPU.Build.0 = Debug|Any CPU
		{3F1D28A1-08AF-4272-81E1-34C02C78E41B}.Release|Any CPU.ActiveCfg = Release|Any CPU
		{3F1D28A1-08AF-4272-81E1-34C02C78E41B}.Release|Any CPU.Build.0 = Release|Any CPU
		{F1A50358-1A3E-400B-B44D-BC1233C8A600}.Debug|Any CPU.ActiveCfg = Debug|Any CPU
		{F1A50358-1A3E-400B-B44D-BC1233C8A600}.Debug|Any CPU.Build.0 = Debug|Any CPU
		{F1A50358-1A3E-400B-B44D-BC1233C8A600}.Release|Any CPU.ActiveCfg = Release|Any CPU
		{F1A50358-1A3E-400B-B44D-BC1233C8A600}.Release|Any CPU.Build.0 = Release|Any CPU
		{32FCC83C-9B4F-49E9-940E-6C2FBA633B85}.Debug|Any CPU.ActiveCfg = Debug|Any CPU
		{32FCC83C-9B4F-49E9-940E-6C2FBA633B85}.Debug|Any CPU.Build.0 = Debug|Any CPU
		{32FCC83C-9B4F-49E9-940E-6C2FBA633B85}.Release|Any CPU.ActiveCfg = Release|Any CPU
		{32FCC83C-9B4F-49E9-940E-6C2FBA633B85}.Release|Any CPU.Build.0 = Release|Any CPU
		{EEBFF9FC-0994-462D-8E4B-CE5873C856D0}.Debug|Any CPU.ActiveCfg = Debug|Any CPU
		{EEBFF9FC-0994-462D-8E4B-CE5873C856D0}.Debug|Any CPU.Build.0 = Debug|Any CPU
		{EEBFF9FC-0994-462D-8E4B-CE5873C856D0}.Release|Any CPU.ActiveCfg = Release|Any CPU
		{EEBFF9FC-0994-462D-8E4B-CE5873C856D0}.Release|Any CPU.Build.0 = Release|Any CPU
		{ACAC93E7-5C9B-47E6-824A-8D1CFFA58D9A}.Debug|Any CPU.ActiveCfg = Debug|Any CPU
		{ACAC93E7-5C9B-47E6-824A-8D1CFFA58D9A}.Debug|Any CPU.Build.0 = Debug|Any CPU
		{ACAC93E7-5C9B-47E6-824A-8D1CFFA58D9A}.Release|Any CPU.ActiveCfg = Release|Any CPU
		{ACAC93E7-5C9B-47E6-824A-8D1CFFA58D9A}.Release|Any CPU.Build.0 = Release|Any CPU
		{8B2AA9B1-B748-48F5-ADD1-442E74C63A88}.Debug|Any CPU.ActiveCfg = Debug|Any CPU
		{8B2AA9B1-B748-48F5-ADD1-442E74C63A88}.Debug|Any CPU.Build.0 = Debug|Any CPU
		{8B2AA9B1-B748-48F5-ADD1-442E74C63A88}.Release|Any CPU.ActiveCfg = Release|Any CPU
		{8B2AA9B1-B748-48F5-ADD1-442E74C63A88}.Release|Any CPU.Build.0 = Release|Any CPU
		{395E51A3-A81E-4930-9987-6409685D61AA}.Debug|Any CPU.ActiveCfg = Debug|Any CPU
		{395E51A3-A81E-4930-9987-6409685D61AA}.Debug|Any CPU.Build.0 = Debug|Any CPU
		{395E51A3-A81E-4930-9987-6409685D61AA}.Release|Any CPU.ActiveCfg = Release|Any CPU
		{395E51A3-A81E-4930-9987-6409685D61AA}.Release|Any CPU.Build.0 = Release|Any CPU
		{8C5690E2-74D5-4C12-A4B0-E21AECA5F742}.Debug|Any CPU.ActiveCfg = Debug|Any CPU
		{8C5690E2-74D5-4C12-A4B0-E21AECA5F742}.Debug|Any CPU.Build.0 = Debug|Any CPU
		{8C5690E2-74D5-4C12-A4B0-E21AECA5F742}.Release|Any CPU.ActiveCfg = Release|Any CPU
		{8C5690E2-74D5-4C12-A4B0-E21AECA5F742}.Release|Any CPU.Build.0 = Release|Any CPU
	EndGlobalSection
	GlobalSection(SolutionProperties) = preSolution
		HideSolutionNode = FALSE
	EndGlobalSection
	GlobalSection(NestedProjects) = preSolution
		{23F9FC2E-B335-4755-9483-68822941E43B} = {FCC61D86-4DC0-4FE4-9F6D-35081449F1FE}
		{CC61C1B9-88D9-4EBB-8221-6F7A60AEDA08} = {FCC61D86-4DC0-4FE4-9F6D-35081449F1FE}
		{6BB152FD-32CB-4FD2-9410-C9D7759BD228} = {23F9FC2E-B335-4755-9483-68822941E43B}
		{C67F31EF-632B-4353-8BB6-30A521D25CA5} = {23F9FC2E-B335-4755-9483-68822941E43B}
		{7A812C30-3BF5-4AB3-B93A-54028E11F84B} = {23F9FC2E-B335-4755-9483-68822941E43B}
		{CC210B9F-DE64-47D4-8FC8-2C016C82726A} = {6BB152FD-32CB-4FD2-9410-C9D7759BD228}
		{DDA21BD6-5680-421B-9035-DED883B5CC94} = {C67F31EF-632B-4353-8BB6-30A521D25CA5}
		{6CF9A047-4D8D-4058-9E5C-FBE5149C3855} = {7A812C30-3BF5-4AB3-B93A-54028E11F84B}
		{F624A00B-A783-4C8D-8265-40FEEA81BC87} = {7A812C30-3BF5-4AB3-B93A-54028E11F84B}
		{B480737A-B693-491A-B53B-C1615067C563} = {7A812C30-3BF5-4AB3-B93A-54028E11F84B}
		{E5E85A2C-686D-4759-99F8-AFAF5BBB5659} = {6CF9A047-4D8D-4058-9E5C-FBE5149C3855}
		{4C2A541B-3DA1-4C72-B3DE-CD818E048DCF} = {6CF9A047-4D8D-4058-9E5C-FBE5149C3855}
		{CB00C4ED-DD26-4B8D-96E4-A7680039603E} = {F624A00B-A783-4C8D-8265-40FEEA81BC87}
		{F2822AC8-C53D-480B-83E4-373EB277F611} = {6CF9A047-4D8D-4058-9E5C-FBE5149C3855}
		{92291CD6-9A4D-4B73-8416-78F56A44E42F} = {6CF9A047-4D8D-4058-9E5C-FBE5149C3855}
		{1A7B7E7C-D926-481A-8FE8-F5247E84612C} = {6CF9A047-4D8D-4058-9E5C-FBE5149C3855}
		{F97E661F-DD9B-402D-A9F9-6917A6D2CB30} = {F624A00B-A783-4C8D-8265-40FEEA81BC87}
		{9CD803F2-EDC9-4BEE-9E62-61939697EBD2} = {F624A00B-A783-4C8D-8265-40FEEA81BC87}
		{C0939EEF-8863-4094-A26B-EF9F1686ECBC} = {F624A00B-A783-4C8D-8265-40FEEA81BC87}
		{50289A85-865D-4F1E-999A-793D3C0B1C75} = {F624A00B-A783-4C8D-8265-40FEEA81BC87}
		{23A12777-FBF9-4491-B0A5-CDF41AD8DCD9} = {B480737A-B693-491A-B53B-C1615067C563}
		{0B75888B-9B5B-467F-97E8-510CB3015368} = {B480737A-B693-491A-B53B-C1615067C563}
		{435929FF-CEAB-4D2B-B4EC-3426C549C44E} = {B480737A-B693-491A-B53B-C1615067C563}
		{328AEE01-E8AC-4F8D-946B-F7B10E6BFACE} = {B480737A-B693-491A-B53B-C1615067C563}
		{6EAF1899-A8C0-46F9-ADC9-7DA5628522DF} = {B480737A-B693-491A-B53B-C1615067C563}
		{4CA9E3CA-C2A2-47C2-B71A-7F9F674E025B} = {E5E85A2C-686D-4759-99F8-AFAF5BBB5659}
		{862CEFFF-8E87-4C24-A23A-CE1CB74E7B8F} = {4C2A541B-3DA1-4C72-B3DE-CD818E048DCF}
		{D9789535-91B3-451D-8D08-5E146EF13AC4} = {F2822AC8-C53D-480B-83E4-373EB277F611}
		{16E68350-6330-4BF4-B509-8AC8EB6323BA} = {92291CD6-9A4D-4B73-8416-78F56A44E42F}
		{D3B7994F-628F-4CD6-B952-1D436EEF0C44} = {1A7B7E7C-D926-481A-8FE8-F5247E84612C}
		{6FECD739-B339-446C-8C46-0C1016248EF8} = {F97E661F-DD9B-402D-A9F9-6917A6D2CB30}
		{FF6B4B22-07A3-46F0-8594-29AF00346647} = {9CD803F2-EDC9-4BEE-9E62-61939697EBD2}
		{A0C1C7F9-C3D1-435C-9772-611A23713516} = {CB00C4ED-DD26-4B8D-96E4-A7680039603E}
		{3F1D28A1-08AF-4272-81E1-34C02C78E41B} = {C0939EEF-8863-4094-A26B-EF9F1686ECBC}
		{F1A50358-1A3E-400B-B44D-BC1233C8A600} = {50289A85-865D-4F1E-999A-793D3C0B1C75}
		{32FCC83C-9B4F-49E9-940E-6C2FBA633B85} = {23A12777-FBF9-4491-B0A5-CDF41AD8DCD9}
		{EEBFF9FC-0994-462D-8E4B-CE5873C856D0} = {0B75888B-9B5B-467F-97E8-510CB3015368}
		{ACAC93E7-5C9B-47E6-824A-8D1CFFA58D9A} = {435929FF-CEAB-4D2B-B4EC-3426C549C44E}
		{8B2AA9B1-B748-48F5-ADD1-442E74C63A88} = {328AEE01-E8AC-4F8D-946B-F7B10E6BFACE}
		{395E51A3-A81E-4930-9987-6409685D61AA} = {6EAF1899-A8C0-46F9-ADC9-7DA5628522DF}
		{8C5690E2-74D5-4C12-A4B0-E21AECA5F742} = {CC61C1B9-88D9-4EBB-8221-6F7A60AEDA08}
	EndGlobalSection
	GlobalSection(ExtensibilityGlobals) = postSolution
		SolutionGuid = {8477832D-54BB-4C95-AAEB-4DBDA3318FE7}
	EndGlobalSection
EndGlobal
